
Microsoft Visual Studio Solution File, Format Version 12.00
# Visual Studio Version 16
VisualStudioVersion = 16.0.29609.76
MinimumVisualStudioVersion = 10.0.40219.1
Project("{FAE04EC0-301F-11D3-BF4B-00C04F79EFBC}") = "HardRat.Website.Core", "HardRat.Website.Core\HardRat.Website.Core.csproj", "{2F636D83-7C9D-4625-BCF3-2793E3EBD5EE}"
EndProject
Project("{FAE04EC0-301F-11D3-BF4B-00C04F79EFBC}") = "HardRat.Common", "HardRat.Common\HardRat.Common.csproj", "{9614EFB3-AE72-4DFC-98E1-598B1877CF7E}"
EndProject
Project("{FAE04EC0-301F-11D3-BF4B-00C04F79EFBC}") = "HardRat.ClientApp", "HardRat.ClientApp\HardRat.ClientApp.csproj", "{B915DF4B-A303-43D0-ABE4-B30C590CF739}"
EndProject
Global
	GlobalSection(SolutionConfigurationPlatforms) = preSolution
		Debug|Any CPU = Debug|Any CPU
		Release|Any CPU = Release|Any CPU
	EndGlobalSection
	GlobalSection(ProjectConfigurationPlatforms) = postSolution
		{2F636D83-7C9D-4625-BCF3-2793E3EBD5EE}.Debug|Any CPU.ActiveCfg = Debug|Any CPU
		{2F636D83-7C9D-4625-BCF3-2793E3EBD5EE}.Debug|Any CPU.Build.0 = Debug|Any CPU
		{2F636D83-7C9D-4625-BCF3-2793E3EBD5EE}.Release|Any CPU.ActiveCfg = Release|Any CPU
		{2F636D83-7C9D-4625-BCF3-2793E3EBD5EE}.Release|Any CPU.Build.0 = Release|Any CPU
		{9614EFB3-AE72-4DFC-98E1-598B1877CF7E}.Debug|Any CPU.ActiveCfg = Debug|Any CPU
		{9614EFB3-AE72-4DFC-98E1-598B1877CF7E}.Debug|Any CPU.Build.0 = Debug|Any CPU
		{9614EFB3-AE72-4DFC-98E1-598B1877CF7E}.Release|Any CPU.ActiveCfg = Release|Any CPU
		{9614EFB3-AE72-4DFC-98E1-598B1877CF7E}.Release|Any CPU.Build.0 = Release|Any CPU
		{B915DF4B-A303-43D0-ABE4-B30C590CF739}.Debug|Any CPU.ActiveCfg = Debug|Any CPU
		{B915DF4B-A303-43D0-ABE4-B30C590CF739}.Debug|Any CPU.Build.0 = Debug|Any CPU
		{B915DF4B-A303-43D0-ABE4-B30C590CF739}.Release|Any CPU.ActiveCfg = Release|Any CPU
		{B915DF4B-A303-43D0-ABE4-B30C590CF739}.Release|Any CPU.Build.0 = Release|Any CPU
	EndGlobalSection
	GlobalSection(SolutionProperties) = preSolution
		HideSolutionNode = FALSE
	EndGlobalSection
	GlobalSection(ExtensibilityGlobals) = postSolution
		SolutionGuid = {539AC412-8705-4861-A8C6-B1B5E3BA8567}
	EndGlobalSection
EndGlobal
